{
  "requires": true,
  "lockfileVersion": 1,
  "dependencies": {
    "govuk-frontend": {
      "version": "3.10.1",
      "resolved": "https://registry.npmjs.org/govuk-frontend/-/govuk-frontend-3.10.1.tgz",
      "integrity": "sha512-2x6B0jV1pTx4Alxm3MY222BfIQpg+ctUYaUzyBjmNkisWKdRmCP61oyFXklZgqXMjvaN+oo3rRbAALrxFTeeig=="
    }
  }
}
